{
  "name": "todo-node",
  "version": "1.0.0",
  "lockfileVersion": 2,
  "requires": true,
  "packages": {
    "": {
      "name": "todo-node",
      "version": "1.0.0",
      "license": "MIT",
      "dependencies": {
        "@hapi/hapi": "^20.2.2"
      }
    },
    "node_modules/@hapi/accept": {
      "version": "5.0.2",
      "resolved": "https://artifactory.wwt.com/artifactory/api/npm/npm/@hapi/accept/-/accept-5.0.2.tgz",
      "integrity": "sha1-q3BDsDfmi3Ivk/N2r7BehcBplSM=",
      "license": "BSD-3-Clause",
      "dependencies": {
        "@hapi/boom": "9.x.x",
        "@hapi/hoek": "9.x.x"
      }
    },
    "node_modules/@hapi/ammo": {
      "version": "5.0.1",
      "resolved": "https://artifactory.wwt.com/artifactory/api/npm/npm/@hapi/ammo/-/ammo-5.0.1.tgz",
      "integrity": "sha1-nTRWD1whTtpWPYOMASlzh++qtJA=",
      "license": "BSD-3-Clause",
      "dependencies": {
        "@hapi/hoek": "9.x.x"
      }
    },
    "node_modules/@hapi/b64": {
      "version": "5.0.0",
      "resolved": "https://artifactory.wwt.com/artifactory/api/npm/npm/@hapi/b64/-/b64-5.0.0.tgz",
      "integrity": "sha1-uCEMvXL0d0mF54Vpt36XSY0kJ30=",
      "license": "BSD-3-Clause",
      "dependencies": {
        "@hapi/hoek": "9.x.x"
      }
    },
    "node_modules/@hapi/boom": {
      "version": "9.1.4",
      "resolved": "https://artifactory.wwt.com/artifactory/api/npm/npm/@hapi/boom/-/boom-9.1.4.tgz",
      "integrity": "sha1-H52tNnxqfan43vJLSphvxae9nbY=",
      "license": "BSD-3-Clause",
      "dependencies": {
        "@hapi/hoek": "9.x.x"
      }
    },
    "node_modules/@hapi/bounce": {
      "version": "2.0.0",
      "resolved": "https://artifactory.wwt.com/artifactory/api/npm/npm/@hapi/bounce/-/bounce-2.0.0.tgz",
      "integrity": "sha1-5u9WmRw2ax4nOLLNg7ATVNk4zz0=",
      "license": "BSD-3-Clause",
      "dependencies": {
        "@hapi/boom": "9.x.x",
        "@hapi/hoek": "9.x.x"
      }
    },
    "node_modules/@hapi/bourne": {
      "version": "2.1.0",
      "resolved": "https://artifactory.wwt.com/artifactory/api/npm/npm/@hapi/bourne/-/bourne-2.1.0.tgz",
      "integrity": "sha1-Zq/3cJTcMIC9XfROxjiB8mdusCA=",
      "license": "BSD-3-Clause"
    },
    "node_modules/@hapi/call": {
      "version": "8.0.1",
      "resolved": "https://artifactory.wwt.com/artifactory/api/npm/npm/@hapi/call/-/call-8.0.1.tgz",
      "integrity": "sha1-nmTNi6YSjrW+bkMsqqVyse2M18A=",
      "license": "BSD-3-Clause",
      "dependencies": {
        "@hapi/boom": "9.x.x",
        "@hapi/hoek": "9.x.x"
      }
    },
    "node_modules/@hapi/catbox": {
      "version": "11.1.1",
      "resolved": "https://artifactory.wwt.com/artifactory/api/npm/npm/@hapi/catbox/-/catbox-11.1.1.tgz",
      "integrity": "sha1-0nfi1QI/1pzdsz0FsiTqAwZf7Aw=",
      "license": "BSD-3-Clause",
      "dependencies": {
        "@hapi/boom": "9.x.x",
        "@hapi/hoek": "9.x.x",
        "@hapi/podium": "4.x.x",
        "@hapi/validate": "1.x.x"
      }
    },
    "node_modules/@hapi/catbox-memory": {
      "version": "5.0.1",
      "resolved": "https://artifactory.wwt.com/artifactory/api/npm/npm/@hapi/catbox-memory/-/catbox-memory-5.0.1.tgz",
      "integrity": "sha1-y2P8oN7QHURaJXOzjrJojfZ/cKw=",
      "license": "BSD-3-Clause",
      "dependencies": {
        "@hapi/boom": "9.x.x",
        "@hapi/hoek": "9.x.x"
      }
    },
    "node_modules/@hapi/content": {
      "version": "5.0.2",
      "resolved": "https://artifactory.wwt.com/artifactory/api/npm/npm/@hapi/content/-/content-5.0.2.tgz",
      "integrity": "sha1-rleVR2HeVwOSdj5kzddfB0F2qAQ=",
      "license": "BSD-3-Clause",
      "dependencies": {
        "@hapi/boom": "9.x.x"
      }
    },
    "node_modules/@hapi/cryptiles": {
      "version": "5.1.0",
      "resolved": "https://artifactory.wwt.com/artifactory/api/npm/npm/@hapi/cryptiles/-/cryptiles-5.1.0.tgz",
      "integrity": "sha1-ZV3ky7wFLJR/aWFIyDsYf8K+j0M=",
      "license": "BSD-3-Clause",
      "dependencies": {
        "@hapi/boom": "9.x.x"
      },
      "engines": {
        "node": ">=12.0.0"
      }
    },
    "node_modules/@hapi/file": {
      "version": "2.0.0",
      "resolved": "https://artifactory.wwt.com/artifactory/api/npm/npm/@hapi/file/-/file-2.0.0.tgz",
      "integrity": "sha1-Ls2jfRrp0weKZ8E7fahujDI337k=",
      "license": "BSD-3-Clause"
    },
    "node_modules/@hapi/hapi": {
      "version": "20.2.2",
      "resolved": "https://artifactory.wwt.com/artifactory/api/npm/npm/@hapi/hapi/-/hapi-20.2.2.tgz",
      "integrity": "sha1-WBDvv1wKrTZ5MuhtQGbYKsgX6Yw=",
      "license": "BSD-3-Clause",
      "dependencies": {
        "@hapi/accept": "^5.0.1",
        "@hapi/ammo": "^5.0.1",
        "@hapi/boom": "^9.1.0",
        "@hapi/bounce": "^2.0.0",
        "@hapi/call": "^8.0.0",
        "@hapi/catbox": "^11.1.1",
        "@hapi/catbox-memory": "^5.0.0",
        "@hapi/heavy": "^7.0.1",
        "@hapi/hoek": "^9.0.4",
        "@hapi/mimos": "^6.0.0",
        "@hapi/podium": "^4.1.1",
        "@hapi/shot": "^5.0.5",
        "@hapi/somever": "^3.0.0",
        "@hapi/statehood": "^7.0.4",
        "@hapi/subtext": "^7.0.3",
        "@hapi/teamwork": "^5.1.1",
        "@hapi/topo": "^5.0.0",
        "@hapi/validate": "^1.1.1"
      },
      "engines": {
        "node": ">=12.0.0"
      }
    },
    "node_modules/@hapi/heavy": {
      "version": "7.0.1",
      "resolved": "https://artifactory.wwt.com/artifactory/api/npm/npm/@hapi/heavy/-/heavy-7.0.1.tgz",
      "integrity": "sha1-czFa4ztudoKgkGt6EejKcOMEWHQ=",
      "license": "BSD-3-Clause",
      "dependencies": {
        "@hapi/boom": "9.x.x",
        "@hapi/hoek": "9.x.x",
        "@hapi/validate": "1.x.x"
      }
    },
    "node_modules/@hapi/hoek": {
      "version": "9.2.1",
      "resolved": "https://artifactory.wwt.com/artifactory/api/npm/npm/@hapi/hoek/-/hoek-9.2.1.tgz",
      "integrity": "sha1-lVEUKhmAUDdSU2tQUP2Z9KfxOxc=",
      "license": "BSD-3-Clause"
    },
    "node_modules/@hapi/iron": {
      "version": "6.0.0",
      "resolved": "https://artifactory.wwt.com/artifactory/api/npm/npm/@hapi/iron/-/iron-6.0.0.tgz",
      "integrity": "sha1-yj+RNs2mVb3WAo3gBF2g3j0UQ28=",
      "license": "BSD-3-Clause",
      "dependencies": {
        "@hapi/b64": "5.x.x",
        "@hapi/boom": "9.x.x",
        "@hapi/bourne": "2.x.x",
        "@hapi/cryptiles": "5.x.x",
        "@hapi/hoek": "9.x.x"
      }
    },
    "node_modules/@hapi/mimos": {
      "version": "6.0.0",
      "resolved": "https://artifactory.wwt.com/artifactory/api/npm/npm/@hapi/mimos/-/mimos-6.0.0.tgz",
      "integrity": "sha1-2qUj2cByIsfohgy3ycVQH9ZQZIQ=",
      "license": "BSD-3-Clause",
      "dependencies": {
        "@hapi/hoek": "9.x.x",
        "mime-db": "1.x.x"
      }
    },
    "node_modules/@hapi/nigel": {
      "version": "4.0.2",
      "resolved": "https://artifactory.wwt.com/artifactory/api/npm/npm/@hapi/nigel/-/nigel-4.0.2.tgz",
      "integrity": "sha1-j4TvS8pPsDsjdkY1ePJTsLjoY8Q=",
      "license": "BSD-3-Clause",
      "dependencies": {
        "@hapi/hoek": "^9.0.4",
        "@hapi/vise": "^4.0.0"
      },
      "engines": {
        "node": ">=12.0.0"
      }
    },
    "node_modules/@hapi/pez": {
      "version": "5.0.3",
      "resolved": "https://artifactory.wwt.com/artifactory/api/npm/npm/@hapi/pez/-/pez-5.0.3.tgz",
      "integrity": "sha1-t1RG5v74y7FoFlc6t9obBSLnoqE=",
      "license": "BSD-3-Clause",
      "dependencies": {
        "@hapi/b64": "5.x.x",
        "@hapi/boom": "9.x.x",
        "@hapi/content": "^5.0.2",
        "@hapi/hoek": "9.x.x",
        "@hapi/nigel": "4.x.x"
      }
    },
    "node_modules/@hapi/podium": {
      "version": "4.1.3",
      "resolved": "https://artifactory.wwt.com/artifactory/api/npm/npm/@hapi/podium/-/podium-4.1.3.tgz",
      "integrity": "sha1-keIIOPwrVDf1EdZkqr67s5NXiiY=",
      "license": "BSD-3-Clause",
      "dependencies": {
        "@hapi/hoek": "9.x.x",
        "@hapi/teamwork": "5.x.x",
        "@hapi/validate": "1.x.x"
      }
    },
    "node_modules/@hapi/shot": {
      "version": "5.0.5",
      "resolved": "https://artifactory.wwt.com/artifactory/api/npm/npm/@hapi/shot/-/shot-5.0.5.tgz",
      "integrity": "sha1-olwj0Ylzvsk8eWnFG/lXljKlvr0=",
      "license": "BSD-3-Clause",
      "dependencies": {
        "@hapi/hoek": "9.x.x",
        "@hapi/validate": "1.x.x"
      }
    },
    "node_modules/@hapi/somever": {
      "version": "3.0.1",
      "resolved": "https://artifactory.wwt.com/artifactory/api/npm/npm/@hapi/somever/-/somever-3.0.1.tgz",
      "integrity": "sha1-mWHNW9vrW7HtwLKs3Qu0JAZqrcw=",
      "license": "BSD-3-Clause",
      "dependencies": {
        "@hapi/bounce": "2.x.x",
        "@hapi/hoek": "9.x.x"
      }
    },
    "node_modules/@hapi/statehood": {
      "version": "7.0.4",
      "resolved": "https://artifactory.wwt.com/artifactory/api/npm/npm/@hapi/statehood/-/statehood-7.0.4.tgz",
      "integrity": "sha1-asudCBe1xlcIk1b32f1grwvOT0E=",
      "license": "BSD-3-Clause",
      "dependencies": {
        "@hapi/boom": "9.x.x",
        "@hapi/bounce": "2.x.x",
        "@hapi/bourne": "2.x.x",
        "@hapi/cryptiles": "5.x.x",
        "@hapi/hoek": "9.x.x",
        "@hapi/iron": "6.x.x",
        "@hapi/validate": "1.x.x"
      }
    },
    "node_modules/@hapi/subtext": {
      "version": "7.0.3",
      "resolved": "https://artifactory.wwt.com/artifactory/api/npm/npm/@hapi/subtext/-/subtext-7.0.3.tgz",
      "integrity": "sha1-90QPx8lmhY4fOWgemethccceer0=",
      "license": "BSD-3-Clause",
      "dependencies": {
        "@hapi/boom": "9.x.x",
        "@hapi/bourne": "2.x.x",
        "@hapi/content": "^5.0.2",
        "@hapi/file": "2.x.x",
        "@hapi/hoek": "9.x.x",
        "@hapi/pez": "^5.0.1",
        "@hapi/wreck": "17.x.x"
      }
    },
    "node_modules/@hapi/teamwork": {
      "version": "5.1.1",
      "resolved": "https://artifactory.wwt.com/artifactory/api/npm/npm/@hapi/teamwork/-/teamwork-5.1.1.tgz",
      "integrity": "sha1-TSujysGRGKNsRL9Jo6R2dN5S5OQ=",
      "license": "BSD-3-Clause",
      "engines": {
        "node": ">=12.0.0"
      }
    },
    "node_modules/@hapi/topo": {
      "version": "5.1.0",
      "resolved": "https://artifactory.wwt.com/artifactory/api/npm/npm/@hapi/topo/-/topo-5.1.0.tgz",
      "integrity": "sha1-3ESOMyxsbjek3AL9hLqNRLmvsBI=",
      "license": "BSD-3-Clause",
      "dependencies": {
        "@hapi/hoek": "^9.0.0"
      }
    },
    "node_modules/@hapi/validate": {
      "version": "1.1.3",
      "resolved": "https://artifactory.wwt.com/artifactory/api/npm/npm/@hapi/validate/-/validate-1.1.3.tgz",
      "integrity": "sha1-91CgcoOSngm1GqFr40r/tE4ZMa0=",
      "license": "BSD-3-Clause",
      "dependencies": {
        "@hapi/hoek": "^9.0.0",
        "@hapi/topo": "^5.0.0"
      }
    },
    "node_modules/@hapi/vise": {
      "version": "4.0.0",
      "resolved": "https://artifactory.wwt.com/artifactory/api/npm/npm/@hapi/vise/-/vise-4.0.0.tgz",
      "integrity": "sha1-xqlP4SG5SlO/medIn3/MdMEE2wI=",
      "license": "BSD-3-Clause",
      "dependencies": {
        "@hapi/hoek": "9.x.x"
      }
    },
    "node_modules/@hapi/wreck": {
      "version": "17.2.0",
      "resolved": "https://artifactory.wwt.com/artifactory/api/npm/npm/@hapi/wreck/-/wreck-17.2.0.tgz",
      "integrity": "sha1-pbabck+o+iVVD7AvVcZJvs/Fn2M=",
      "license": "BSD-3-Clause",
      "dependencies": {
        "@hapi/boom": "9.x.x",
        "@hapi/bourne": "2.x.x",
        "@hapi/hoek": "9.x.x"
      }
    },
    "node_modules/mime-db": {
      "version": "1.52.0",
      "resolved": "https://artifactory.wwt.com/artifactory/api/npm/npm/mime-db/-/mime-db-1.52.0.tgz",
      "integrity": "sha1-u6vNwChZ9JhzAchW4zh85exDv3A=",
      "license": "MIT",
      "engines": {
        "node": ">= 0.6"
      }
    }
  },
  "dependencies": {
    "@hapi/accept": {
      "version": "5.0.2",
      "resolved": "https://artifactory.wwt.com/artifactory/api/npm/npm/@hapi/accept/-/accept-5.0.2.tgz",
      "integrity": "sha1-q3BDsDfmi3Ivk/N2r7BehcBplSM=",
      "requires": {
        "@hapi/boom": "9.x.x",
        "@hapi/hoek": "9.x.x"
      }
    },
    "@hapi/ammo": {
      "version": "5.0.1",
      "resolved": "https://artifactory.wwt.com/artifactory/api/npm/npm/@hapi/ammo/-/ammo-5.0.1.tgz",
      "integrity": "sha1-nTRWD1whTtpWPYOMASlzh++qtJA=",
      "requires": {
        "@hapi/hoek": "9.x.x"
      }
    },
    "@hapi/b64": {
      "version": "5.0.0",
      "resolved": "https://artifactory.wwt.com/artifactory/api/npm/npm/@hapi/b64/-/b64-5.0.0.tgz",
      "integrity": "sha1-uCEMvXL0d0mF54Vpt36XSY0kJ30=",
      "requires": {
        "@hapi/hoek": "9.x.x"
      }
    },
    "@hapi/boom": {
      "version": "9.1.4",
      "resolved": "https://artifactory.wwt.com/artifactory/api/npm/npm/@hapi/boom/-/boom-9.1.4.tgz",
      "integrity": "sha1-H52tNnxqfan43vJLSphvxae9nbY=",
      "requires": {
        "@hapi/hoek": "9.x.x"
      }
    },
    "@hapi/bounce": {
      "version": "2.0.0",
      "resolved": "https://artifactory.wwt.com/artifactory/api/npm/npm/@hapi/bounce/-/bounce-2.0.0.tgz",
      "integrity": "sha1-5u9WmRw2ax4nOLLNg7ATVNk4zz0=",
      "requires": {
        "@hapi/boom": "9.x.x",
        "@hapi/hoek": "9.x.x"
      }
    },
    "@hapi/bourne": {
      "version": "2.1.0",
      "resolved": "https://artifactory.wwt.com/artifactory/api/npm/npm/@hapi/bourne/-/bourne-2.1.0.tgz",
      "integrity": "sha1-Zq/3cJTcMIC9XfROxjiB8mdusCA="
    },
    "@hapi/call": {
      "version": "8.0.1",
      "resolved": "https://artifactory.wwt.com/artifactory/api/npm/npm/@hapi/call/-/call-8.0.1.tgz",
      "integrity": "sha1-nmTNi6YSjrW+bkMsqqVyse2M18A=",
      "requires": {
        "@hapi/boom": "9.x.x",
        "@hapi/hoek": "9.x.x"
      }
    },
    "@hapi/catbox": {
      "version": "11.1.1",
      "resolved": "https://artifactory.wwt.com/artifactory/api/npm/npm/@hapi/catbox/-/catbox-11.1.1.tgz",
      "integrity": "sha1-0nfi1QI/1pzdsz0FsiTqAwZf7Aw=",
      "requires": {
        "@hapi/boom": "9.x.x",
        "@hapi/hoek": "9.x.x",
        "@hapi/podium": "4.x.x",
        "@hapi/validate": "1.x.x"
      }
    },
    "@hapi/catbox-memory": {
      "version": "5.0.1",
      "resolved": "https://artifactory.wwt.com/artifactory/api/npm/npm/@hapi/catbox-memory/-/catbox-memory-5.0.1.tgz",
      "integrity": "sha1-y2P8oN7QHURaJXOzjrJojfZ/cKw=",
      "requires": {
        "@hapi/boom": "9.x.x",
        "@hapi/hoek": "9.x.x"
      }
    },
    "@hapi/content": {
      "version": "5.0.2",
      "resolved": "https://artifactory.wwt.com/artifactory/api/npm/npm/@hapi/content/-/content-5.0.2.tgz",
      "integrity": "sha1-rleVR2HeVwOSdj5kzddfB0F2qAQ=",
      "requires": {
        "@hapi/boom": "9.x.x"
      }
    },
    "@hapi/cryptiles": {
      "version": "5.1.0",
      "resolved": "https://artifactory.wwt.com/artifactory/api/npm/npm/@hapi/cryptiles/-/cryptiles-5.1.0.tgz",
      "integrity": "sha1-ZV3ky7wFLJR/aWFIyDsYf8K+j0M=",
      "requires": {
        "@hapi/boom": "9.x.x"
      }
    },
    "@hapi/file": {
      "version": "2.0.0",
      "resolved": "https://artifactory.wwt.com/artifactory/api/npm/npm/@hapi/file/-/file-2.0.0.tgz",
      "integrity": "sha1-Ls2jfRrp0weKZ8E7fahujDI337k="
    },
    "@hapi/hapi": {
      "version": "20.2.2",
      "resolved": "https://artifactory.wwt.com/artifactory/api/npm/npm/@hapi/hapi/-/hapi-20.2.2.tgz",
      "integrity": "sha1-WBDvv1wKrTZ5MuhtQGbYKsgX6Yw=",
      "requires": {
        "@hapi/accept": "^5.0.1",
        "@hapi/ammo": "^5.0.1",
        "@hapi/boom": "^9.1.0",
        "@hapi/bounce": "^2.0.0",
        "@hapi/call": "^8.0.0",
        "@hapi/catbox": "^11.1.1",
        "@hapi/catbox-memory": "^5.0.0",
        "@hapi/heavy": "^7.0.1",
        "@hapi/hoek": "^9.0.4",
        "@hapi/mimos": "^6.0.0",
        "@hapi/podium": "^4.1.1",
        "@hapi/shot": "^5.0.5",
        "@hapi/somever": "^3.0.0",
        "@hapi/statehood": "^7.0.4",
        "@hapi/subtext": "^7.0.3",
        "@hapi/teamwork": "^5.1.1",
        "@hapi/topo": "^5.0.0",
        "@hapi/validate": "^1.1.1"
      }
    },
    "@hapi/heavy": {
      "version": "7.0.1",
      "resolved": "https://artifactory.wwt.com/artifactory/api/npm/npm/@hapi/heavy/-/heavy-7.0.1.tgz",
      "integrity": "sha1-czFa4ztudoKgkGt6EejKcOMEWHQ=",
      "requires": {
        "@hapi/boom": "9.x.x",
        "@hapi/hoek": "9.x.x",
        "@hapi/validate": "1.x.x"
      }
    },
    "@hapi/hoek": {
      "version": "9.2.1",
      "resolved": "https://artifactory.wwt.com/artifactory/api/npm/npm/@hapi/hoek/-/hoek-9.2.1.tgz",
      "integrity": "sha1-lVEUKhmAUDdSU2tQUP2Z9KfxOxc="
    },
    "@hapi/iron": {
      "version": "6.0.0",
      "resolved": "https://artifactory.wwt.com/artifactory/api/npm/npm/@hapi/iron/-/iron-6.0.0.tgz",
      "integrity": "sha1-yj+RNs2mVb3WAo3gBF2g3j0UQ28=",
      "requires": {
        "@hapi/b64": "5.x.x",
        "@hapi/boom": "9.x.x",
        "@hapi/bourne": "2.x.x",
        "@hapi/cryptiles": "5.x.x",
        "@hapi/hoek": "9.x.x"
      }
    },
    "@hapi/mimos": {
      "version": "6.0.0",
      "resolved": "https://artifactory.wwt.com/artifactory/api/npm/npm/@hapi/mimos/-/mimos-6.0.0.tgz",
      "integrity": "sha1-2qUj2cByIsfohgy3ycVQH9ZQZIQ=",
      "requires": {
        "@hapi/hoek": "9.x.x",
        "mime-db": "1.x.x"
      }
    },
    "@hapi/nigel": {
      "version": "4.0.2",
      "resolved": "https://artifactory.wwt.com/artifactory/api/npm/npm/@hapi/nigel/-/nigel-4.0.2.tgz",
      "integrity": "sha1-j4TvS8pPsDsjdkY1ePJTsLjoY8Q=",
      "requires": {
        "@hapi/hoek": "^9.0.4",
        "@hapi/vise": "^4.0.0"
      }
    },
    "@hapi/pez": {
      "version": "5.0.3",
      "resolved": "https://artifactory.wwt.com/artifactory/api/npm/npm/@hapi/pez/-/pez-5.0.3.tgz",
      "integrity": "sha1-t1RG5v74y7FoFlc6t9obBSLnoqE=",
      "requires": {
        "@hapi/b64": "5.x.x",
        "@hapi/boom": "9.x.x",
        "@hapi/content": "^5.0.2",
        "@hapi/hoek": "9.x.x",
        "@hapi/nigel": "4.x.x"
      }
    },
    "@hapi/podium": {
      "version": "4.1.3",
      "resolved": "https://artifactory.wwt.com/artifactory/api/npm/npm/@hapi/podium/-/podium-4.1.3.tgz",
      "integrity": "sha1-keIIOPwrVDf1EdZkqr67s5NXiiY=",
      "requires": {
        "@hapi/hoek": "9.x.x",
        "@hapi/teamwork": "5.x.x",
        "@hapi/validate": "1.x.x"
      }
    },
    "@hapi/shot": {
      "version": "5.0.5",
      "resolved": "https://artifactory.wwt.com/artifactory/api/npm/npm/@hapi/shot/-/shot-5.0.5.tgz",
      "integrity": "sha1-olwj0Ylzvsk8eWnFG/lXljKlvr0=",
      "requires": {
        "@hapi/hoek": "9.x.x",
        "@hapi/validate": "1.x.x"
      }
    },
    "@hapi/somever": {
      "version": "3.0.1",
      "resolved": "https://artifactory.wwt.com/artifactory/api/npm/npm/@hapi/somever/-/somever-3.0.1.tgz",
      "integrity": "sha1-mWHNW9vrW7HtwLKs3Qu0JAZqrcw=",
      "requires": {
        "@hapi/bounce": "2.x.x",
        "@hapi/hoek": "9.x.x"
      }
    },
    "@hapi/statehood": {
      "version": "7.0.4",
      "resolved": "https://artifactory.wwt.com/artifactory/api/npm/npm/@hapi/statehood/-/statehood-7.0.4.tgz",
      "integrity": "sha1-asudCBe1xlcIk1b32f1grwvOT0E=",
      "requires": {
        "@hapi/boom": "9.x.x",
        "@hapi/bounce": "2.x.x",
        "@hapi/bourne": "2.x.x",
        "@hapi/cryptiles": "5.x.x",
        "@hapi/hoek": "9.x.x",
        "@hapi/iron": "6.x.x",
        "@hapi/validate": "1.x.x"
      }
    },
    "@hapi/subtext": {
      "version": "7.0.3",
      "resolved": "https://artifactory.wwt.com/artifactory/api/npm/npm/@hapi/subtext/-/subtext-7.0.3.tgz",
      "integrity": "sha1-90QPx8lmhY4fOWgemethccceer0=",
      "requires": {
        "@hapi/boom": "9.x.x",
        "@hapi/bourne": "2.x.x",
        "@hapi/content": "^5.0.2",
        "@hapi/file": "2.x.x",
        "@hapi/hoek": "9.x.x",
        "@hapi/pez": "^5.0.1",
        "@hapi/wreck": "17.x.x"
      }
    },
    "@hapi/teamwork": {
      "version": "5.1.1",
      "resolved": "https://artifactory.wwt.com/artifactory/api/npm/npm/@hapi/teamwork/-/teamwork-5.1.1.tgz",
      "integrity": "sha1-TSujysGRGKNsRL9Jo6R2dN5S5OQ="
    },
    "@hapi/topo": {
      "version": "5.1.0",
      "resolved": "https://artifactory.wwt.com/artifactory/api/npm/npm/@hapi/topo/-/topo-5.1.0.tgz",
      "integrity": "sha1-3ESOMyxsbjek3AL9hLqNRLmvsBI=",
      "requires": {
        "@hapi/hoek": "^9.0.0"
      }
    },
    "@hapi/validate": {
      "version": "1.1.3",
      "resolved": "https://artifactory.wwt.com/artifactory/api/npm/npm/@hapi/validate/-/validate-1.1.3.tgz",
      "integrity": "sha1-91CgcoOSngm1GqFr40r/tE4ZMa0=",
      "requires": {
        "@hapi/hoek": "^9.0.0",
        "@hapi/topo": "^5.0.0"
      }
    },
    "@hapi/vise": {
      "version": "4.0.0",
      "resolved": "https://artifactory.wwt.com/artifactory/api/npm/npm/@hapi/vise/-/vise-4.0.0.tgz",
      "integrity": "sha1-xqlP4SG5SlO/medIn3/MdMEE2wI=",
      "requires": {
        "@hapi/hoek": "9.x.x"
      }
    },
    "@hapi/wreck": {
      "version": "17.2.0",
      "resolved": "https://artifactory.wwt.com/artifactory/api/npm/npm/@hapi/wreck/-/wreck-17.2.0.tgz",
      "integrity": "sha1-pbabck+o+iVVD7AvVcZJvs/Fn2M=",
      "requires": {
        "@hapi/boom": "9.x.x",
        "@hapi/bourne": "2.x.x",
        "@hapi/hoek": "9.x.x"
      }
    },
    "mime-db": {
      "version": "1.52.0",
      "resolved": "https://artifactory.wwt.com/artifactory/api/npm/npm/mime-db/-/mime-db-1.52.0.tgz",
      "integrity": "sha1-u6vNwChZ9JhzAchW4zh85exDv3A="
    }
  }
}
